
Microsoft Visual Studio Solution File, Format Version 12.00
# Visual Studio Version 17
VisualStudioVersion = 17.3.32922.545
MinimumVisualStudioVersion = 10.0.40219.1
Project("{2150E333-8FDC-42A3-9474-1A3956D46DE8}") = "UserManagement", "UserManagement", "{8290BDB6-F1A4-48A1-920A-4ED3CF711844}"
EndProject
Project("{2150E333-8FDC-42A3-9474-1A3956D46DE8}") = "UM.Application", "UM.Application", "{88256E5D-A5AD-4263-AB5E-65E27A4D1656}"
EndProject
Project("{2150E333-8FDC-42A3-9474-1A3956D46DE8}") = "UM.Domain", "UM.Domain", "{2949A154-AAD4-4A4D-AC8A-6A3054D0E9B5}"
EndProject
Project("{2150E333-8FDC-42A3-9474-1A3956D46DE8}") = "UM.Infrastructure", "UM.Infrastructure", "{6138B42C-61C8-45AF-BFB7-6D0655AABA4C}"
EndProject
Project("{9A19103F-16F7-4668-BE54-9A1E7A4F7556}") = "UserManagement.Application", "UserManagement.Application\UserManagement.Application.csproj", "{B5DC55C1-200B-4650-8088-15637660139D}"
EndProject
Project("{9A19103F-16F7-4668-BE54-9A1E7A4F7556}") = "UserManagement.Application.Contracts", "UserManagement.Application.Contracts\UserManagement.Application.Contracts.csproj", "{23287E73-9DB9-48B1-86DD-ED0234B7A5A4}"
EndProject
Project("{9A19103F-16F7-4668-BE54-9A1E7A4F7556}") = "UserManagement.Domain", "UserManagement.Domain\UserManagement.Domain.csproj", "{78DA5617-D9E8-4101-8C62-9A509711F0CE}"
EndProject
Project("{9A19103F-16F7-4668-BE54-9A1E7A4F7556}") = "UserManagement.Configuration", "UserManagement.Configuration\UserManagement.Configuration.csproj", "{61975F33-6F4D-4D89-A0E3-D582E1336DB1}"
EndProject
Project("{9A19103F-16F7-4668-BE54-9A1E7A4F7556}") = "UserMangement.Infrastructure.EFCore", "UserMangement.Infrastructure.EFCore\UserMangement.Infrastructure.EFCore.csproj", "{F14819EB-4AE1-4202-89F9-F5845310ACF8}"
EndProject
Project("{9A19103F-16F7-4668-BE54-9A1E7A4F7556}") = "0_Framework", "0_Framework\0_Framework.csproj", "{3ABD6F56-5B60-424B-A45B-008D189AAF73}"
EndProject
Project("{9A19103F-16F7-4668-BE54-9A1E7A4F7556}") = "ServiceHost", "ServiceHost\ServiceHost.csproj", "{BA5D8C95-58A6-47CA-A4A2-C194714A18FE}"
EndProject
Project("{9A19103F-16F7-4668-BE54-9A1E7A4F7556}") = "01_QueryManagement", "01_MarketFazliQuery\01_QueryManagement.csproj", "{44FE82D0-716A-47DA-ADCF-CE8FE6E6A1AD}"
EndProject
Project("{2150E333-8FDC-42A3-9474-1A3956D46DE8}") = "CompanyManagement", "CompanyManagement", "{1AA00DE4-771A-4989-B109-0C01A2A31234}"
EndProject
Project("{2150E333-8FDC-42A3-9474-1A3956D46DE8}") = "CM.Application", "CM.Application", "{A323BED9-F708-4935-9BA5-0B5D2B218D7A}"
EndProject
Project("{2150E333-8FDC-42A3-9474-1A3956D46DE8}") = "CM.Domain", "CM.Domain", "{60A44C6E-95CA-49CD-96F6-021A7E2FD580}"
EndProject
Project("{2150E333-8FDC-42A3-9474-1A3956D46DE8}") = "CM.Infrastructure", "CM.Infrastructure", "{9361BD92-2AA2-4040-AF03-1E73AD90270B}"
EndProject
Project("{9A19103F-16F7-4668-BE54-9A1E7A4F7556}") = "CompanyManagement.Application", "CompanyManagement.Application\CompanyManagement.Application.csproj", "{98C7CE86-81DF-42E9-B332-3573F1A352D3}"
EndProject
Project("{9A19103F-16F7-4668-BE54-9A1E7A4F7556}") = "CompanyManagement.Application.Contracts", "CompanyManagement.Application.Contracts\CompanyManagement.Application.Contracts.csproj", "{E00834CB-84E3-4C7E-BBCB-19019BD0A81D}"
EndProject
Project("{9A19103F-16F7-4668-BE54-9A1E7A4F7556}") = "CompanyManagement.Domain", "CompanyManagement.Domain\CompanyManagement.Domain.csproj", "{25B226F4-510E-44BE-B350-E878C5528F7D}"
EndProject
Project("{9A19103F-16F7-4668-BE54-9A1E7A4F7556}") = "CompanyManagement.Configuration", "CompanyManagement.Configuration\CompanyManagement.Configuration.csproj", "{3CC279DC-7B03-4079-9400-8C7C170DE735}"
EndProject
Project("{9A19103F-16F7-4668-BE54-9A1E7A4F7556}") = "CompanyMangement.Infrastructure.EFCore", "CompanyMangement.Infrastructure.EFCore\CompanyMangement.Infrastructure.EFCore.csproj", "{78CAFDBE-7722-4200-A6EE-F55751107AC9}"
EndProject
Project("{2150E333-8FDC-42A3-9474-1A3956D46DE8}") = "MoneyManagement", "MoneyManagement", "{5BFA4AAA-8D87-4E2A-A257-8F818C12FDF0}"
EndProject
Project("{2150E333-8FDC-42A3-9474-1A3956D46DE8}") = "MM.Application", "MM.Application", "{FD0DC3FF-391F-46F7-88F7-0495B01A3EE7}"
EndProject
Project("{2150E333-8FDC-42A3-9474-1A3956D46DE8}") = "MM.Domain", "MM.Domain", "{141CF4D8-1140-48D1-8494-05AF96A68529}"
EndProject
Project("{2150E333-8FDC-42A3-9474-1A3956D46DE8}") = "MM.Infrastructure", "MM.Infrastructure", "{E9BEBB10-E114-44EA-8D8B-2C8A5887A177}"
EndProject
Project("{9A19103F-16F7-4668-BE54-9A1E7A4F7556}") = "MoneyManagement.Application", "MoneyManagement.Application\MoneyManagement.Application.csproj", "{2587ED64-0D50-4677-8687-B0763F2F35AF}"
EndProject
Project("{9A19103F-16F7-4668-BE54-9A1E7A4F7556}") = "MoneyManagement.Application.Contracts", "MoneyManagement.Application.Contracts\MoneyManagement.Application.Contracts.csproj", "{04D93881-7166-4237-AA43-593F3C21C3E9}"
EndProject
Project("{9A19103F-16F7-4668-BE54-9A1E7A4F7556}") = "MoneyManagement.Domain", "MoneyManagement.Domain\MoneyManagement.Domain.csproj", "{544B4D1A-5DAA-466E-AD6B-ACC885C669B2}"
EndProject
Project("{9A19103F-16F7-4668-BE54-9A1E7A4F7556}") = "MoneyManagement.Configuration", "MoneyManagement.Configuration\MoneyManagement.Configuration.csproj", "{A8F63710-DEFB-4D9F-B6A7-4883569F4B4B}"
EndProject
Project("{9A19103F-16F7-4668-BE54-9A1E7A4F7556}") = "MoneyMangement.Infrastructure.EFCore", "MoneyMangement.Infrastructure.EFCore\MoneyMangement.Infrastructure.EFCore.csproj", "{43F1183A-AF28-4260-A9DC-CDF4F4E1ECC3}"
EndProject
Global
	GlobalSection(SolutionConfigurationPlatforms) = preSolution
		Debug|Any CPU = Debug|Any CPU
		Release|Any CPU = Release|Any CPU
	EndGlobalSection
	GlobalSection(ProjectConfigurationPlatforms) = postSolution
		{B5DC55C1-200B-4650-8088-15637660139D}.Debug|Any CPU.ActiveCfg = Debug|Any CPU
		{B5DC55C1-200B-4650-8088-15637660139D}.Debug|Any CPU.Build.0 = Debug|Any CPU
		{B5DC55C1-200B-4650-8088-15637660139D}.Release|Any CPU.ActiveCfg = Release|Any CPU
		{B5DC55C1-200B-4650-8088-15637660139D}.Release|Any CPU.Build.0 = Release|Any CPU
		{23287E73-9DB9-48B1-86DD-ED0234B7A5A4}.Debug|Any CPU.ActiveCfg = Debug|Any CPU
		{23287E73-9DB9-48B1-86DD-ED0234B7A5A4}.Debug|Any CPU.Build.0 = Debug|Any CPU
		{23287E73-9DB9-48B1-86DD-ED0234B7A5A4}.Release|Any CPU.ActiveCfg = Release|Any CPU
		{23287E73-9DB9-48B1-86DD-ED0234B7A5A4}.Release|Any CPU.Build.0 = Release|Any CPU
		{78DA5617-D9E8-4101-8C62-9A509711F0CE}.Debug|Any CPU.ActiveCfg = Debug|Any CPU
		{78DA5617-D9E8-4101-8C62-9A509711F0CE}.Debug|Any CPU.Build.0 = Debug|Any CPU
		{78DA5617-D9E8-4101-8C62-9A509711F0CE}.Release|Any CPU.ActiveCfg = Release|Any CPU
		{78DA5617-D9E8-4101-8C62-9A509711F0CE}.Release|Any CPU.Build.0 = Release|Any CPU
		{61975F33-6F4D-4D89-A0E3-D582E1336DB1}.Debug|Any CPU.ActiveCfg = Debug|Any CPU
		{61975F33-6F4D-4D89-A0E3-D582E1336DB1}.Debug|Any CPU.Build.0 = Debug|Any CPU
		{61975F33-6F4D-4D89-A0E3-D582E1336DB1}.Release|Any CPU.ActiveCfg = Release|Any CPU
		{61975F33-6F4D-4D89-A0E3-D582E1336DB1}.Release|Any CPU.Build.0 = Release|Any CPU
		{F14819EB-4AE1-4202-89F9-F5845310ACF8}.Debug|Any CPU.ActiveCfg = Debug|Any CPU
		{F14819EB-4AE1-4202-89F9-F5845310ACF8}.Debug|Any CPU.Build.0 = Debug|Any CPU
		{F14819EB-4AE1-4202-89F9-F5845310ACF8}.Release|Any CPU.ActiveCfg = Release|Any CPU
		{F14819EB-4AE1-4202-89F9-F5845310ACF8}.Release|Any CPU.Build.0 = Release|Any CPU
		{3ABD6F56-5B60-424B-A45B-008D189AAF73}.Debug|Any CPU.ActiveCfg = Debug|Any CPU
		{3ABD6F56-5B60-424B-A45B-008D189AAF73}.Debug|Any CPU.Build.0 = Debug|Any CPU
		{3ABD6F56-5B60-424B-A45B-008D189AAF73}.Release|Any CPU.ActiveCfg = Release|Any CPU
		{3ABD6F56-5B60-424B-A45B-008D189AAF73}.Release|Any CPU.Build.0 = Release|Any CPU
		{BA5D8C95-58A6-47CA-A4A2-C194714A18FE}.Debug|Any CPU.ActiveCfg = Debug|Any CPU
		{BA5D8C95-58A6-47CA-A4A2-C194714A18FE}.Debug|Any CPU.Build.0 = Debug|Any CPU
		{BA5D8C95-58A6-47CA-A4A2-C194714A18FE}.Release|Any CPU.ActiveCfg = Release|Any CPU
		{BA5D8C95-58A6-47CA-A4A2-C194714A18FE}.Release|Any CPU.Build.0 = Release|Any CPU
		{44FE82D0-716A-47DA-ADCF-CE8FE6E6A1AD}.Debug|Any CPU.ActiveCfg = Debug|Any CPU
		{44FE82D0-716A-47DA-ADCF-CE8FE6E6A1AD}.Debug|Any CPU.Build.0 = Debug|Any CPU
		{44FE82D0-716A-47DA-ADCF-CE8FE6E6A1AD}.Release|Any CPU.ActiveCfg = Release|Any CPU
		{44FE82D0-716A-47DA-ADCF-CE8FE6E6A1AD}.Release|Any CPU.Build.0 = Release|Any CPU
		{98C7CE86-81DF-42E9-B332-3573F1A352D3}.Debug|Any CPU.ActiveCfg = Debug|Any CPU
		{98C7CE86-81DF-42E9-B332-3573F1A352D3}.Debug|Any CPU.Build.0 = Debug|Any CPU
		{98C7CE86-81DF-42E9-B332-3573F1A352D3}.Release|Any CPU.ActiveCfg = Release|Any CPU
		{98C7CE86-81DF-42E9-B332-3573F1A352D3}.Release|Any CPU.Build.0 = Release|Any CPU
		{E00834CB-84E3-4C7E-BBCB-19019BD0A81D}.Debug|Any CPU.ActiveCfg = Debug|Any CPU
		{E00834CB-84E3-4C7E-BBCB-19019BD0A81D}.Debug|Any CPU.Build.0 = Debug|Any CPU
		{E00834CB-84E3-4C7E-BBCB-19019BD0A81D}.Release|Any CPU.ActiveCfg = Release|Any CPU
		{E00834CB-84E3-4C7E-BBCB-19019BD0A81D}.Release|Any CPU.Build.0 = Release|Any CPU
		{25B226F4-510E-44BE-B350-E878C5528F7D}.Debug|Any CPU.ActiveCfg = Debug|Any CPU
		{25B226F4-510E-44BE-B350-E878C5528F7D}.Debug|Any CPU.Build.0 = Debug|Any CPU
		{25B226F4-510E-44BE-B350-E878C5528F7D}.Release|Any CPU.ActiveCfg = Release|Any CPU
		{25B226F4-510E-44BE-B350-E878C5528F7D}.Release|Any CPU.Build.0 = Release|Any CPU
		{3CC279DC-7B03-4079-9400-8C7C170DE735}.Debug|Any CPU.ActiveCfg = Debug|Any CPU
		{3CC279DC-7B03-4079-9400-8C7C170DE735}.Debug|Any CPU.Build.0 = Debug|Any CPU
		{3CC279DC-7B03-4079-9400-8C7C170DE735}.Release|Any CPU.ActiveCfg = Release|Any CPU
		{3CC279DC-7B03-4079-9400-8C7C170DE735}.Release|Any CPU.Build.0 = Release|Any CPU
		{78CAFDBE-7722-4200-A6EE-F55751107AC9}.Debug|Any CPU.ActiveCfg = Debug|Any CPU
		{78CAFDBE-7722-4200-A6EE-F55751107AC9}.Debug|Any CPU.Build.0 = Debug|Any CPU
		{78CAFDBE-7722-4200-A6EE-F55751107AC9}.Release|Any CPU.ActiveCfg = Release|Any CPU
		{78CAFDBE-7722-4200-A6EE-F55751107AC9}.Release|Any CPU.Build.0 = Release|Any CPU
		{2587ED64-0D50-4677-8687-B0763F2F35AF}.Debug|Any CPU.ActiveCfg = Debug|Any CPU
		{2587ED64-0D50-4677-8687-B0763F2F35AF}.Debug|Any CPU.Build.0 = Debug|Any CPU
		{2587ED64-0D50-4677-8687-B0763F2F35AF}.Release|Any CPU.ActiveCfg = Release|Any CPU
		{2587ED64-0D50-4677-8687-B0763F2F35AF}.Release|Any CPU.Build.0 = Release|Any CPU
		{04D93881-7166-4237-AA43-593F3C21C3E9}.Debug|Any CPU.ActiveCfg = Debug|Any CPU
		{04D93881-7166-4237-AA43-593F3C21C3E9}.Debug|Any CPU.Build.0 = Debug|Any CPU
		{04D93881-7166-4237-AA43-593F3C21C3E9}.Release|Any CPU.ActiveCfg = Release|Any CPU
		{04D93881-7166-4237-AA43-593F3C21C3E9}.Release|Any CPU.Build.0 = Release|Any CPU
		{544B4D1A-5DAA-466E-AD6B-ACC885C669B2}.Debug|Any CPU.ActiveCfg = Debug|Any CPU
		{544B4D1A-5DAA-466E-AD6B-ACC885C669B2}.Debug|Any CPU.Build.0 = Debug|Any CPU
		{544B4D1A-5DAA-466E-AD6B-ACC885C669B2}.Release|Any CPU.ActiveCfg = Release|Any CPU
		{544B4D1A-5DAA-466E-AD6B-ACC885C669B2}.Release|Any CPU.Build.0 = Release|Any CPU
		{A8F63710-DEFB-4D9F-B6A7-4883569F4B4B}.Debug|Any CPU.ActiveCfg = Debug|Any CPU
		{A8F63710-DEFB-4D9F-B6A7-4883569F4B4B}.Debug|Any CPU.Build.0 = Debug|Any CPU
		{A8F63710-DEFB-4D9F-B6A7-4883569F4B4B}.Release|Any CPU.ActiveCfg = Release|Any CPU
		{A8F63710-DEFB-4D9F-B6A7-4883569F4B4B}.Release|Any CPU.Build.0 = Release|Any CPU
		{43F1183A-AF28-4260-A9DC-CDF4F4E1ECC3}.Debug|Any CPU.ActiveCfg = Debug|Any CPU
		{43F1183A-AF28-4260-A9DC-CDF4F4E1ECC3}.Debug|Any CPU.Build.0 = Debug|Any CPU
		{43F1183A-AF28-4260-A9DC-CDF4F4E1ECC3}.Release|Any CPU.ActiveCfg = Release|Any CPU
		{43F1183A-AF28-4260-A9DC-CDF4F4E1ECC3}.Release|Any CPU.Build.0 = Release|Any CPU
	EndGlobalSection
	GlobalSection(SolutionProperties) = preSolution
		HideSolutionNode = FALSE
	EndGlobalSection
	GlobalSection(NestedProjects) = preSolution
		{88256E5D-A5AD-4263-AB5E-65E27A4D1656} = {8290BDB6-F1A4-48A1-920A-4ED3CF711844}
		{2949A154-AAD4-4A4D-AC8A-6A3054D0E9B5} = {8290BDB6-F1A4-48A1-920A-4ED3CF711844}
		{6138B42C-61C8-45AF-BFB7-6D0655AABA4C} = {8290BDB6-F1A4-48A1-920A-4ED3CF711844}
		{B5DC55C1-200B-4650-8088-15637660139D} = {88256E5D-A5AD-4263-AB5E-65E27A4D1656}
		{23287E73-9DB9-48B1-86DD-ED0234B7A5A4} = {88256E5D-A5AD-4263-AB5E-65E27A4D1656}
		{78DA5617-D9E8-4101-8C62-9A509711F0CE} = {2949A154-AAD4-4A4D-AC8A-6A3054D0E9B5}
		{61975F33-6F4D-4D89-A0E3-D582E1336DB1} = {6138B42C-61C8-45AF-BFB7-6D0655AABA4C}
		{F14819EB-4AE1-4202-89F9-F5845310ACF8} = {6138B42C-61C8-45AF-BFB7-6D0655AABA4C}
		{A323BED9-F708-4935-9BA5-0B5D2B218D7A} = {1AA00DE4-771A-4989-B109-0C01A2A31234}
		{60A44C6E-95CA-49CD-96F6-021A7E2FD580} = {1AA00DE4-771A-4989-B109-0C01A2A31234}
		{9361BD92-2AA2-4040-AF03-1E73AD90270B} = {1AA00DE4-771A-4989-B109-0C01A2A31234}
		{98C7CE86-81DF-42E9-B332-3573F1A352D3} = {A323BED9-F708-4935-9BA5-0B5D2B218D7A}
		{E00834CB-84E3-4C7E-BBCB-19019BD0A81D} = {A323BED9-F708-4935-9BA5-0B5D2B218D7A}
		{25B226F4-510E-44BE-B350-E878C5528F7D} = {60A44C6E-95CA-49CD-96F6-021A7E2FD580}
		{3CC279DC-7B03-4079-9400-8C7C170DE735} = {9361BD92-2AA2-4040-AF03-1E73AD90270B}
		{78CAFDBE-7722-4200-A6EE-F55751107AC9} = {9361BD92-2AA2-4040-AF03-1E73AD90270B}
		{FD0DC3FF-391F-46F7-88F7-0495B01A3EE7} = {5BFA4AAA-8D87-4E2A-A257-8F818C12FDF0}
		{141CF4D8-1140-48D1-8494-05AF96A68529} = {5BFA4AAA-8D87-4E2A-A257-8F818C12FDF0}
		{E9BEBB10-E114-44EA-8D8B-2C8A5887A177} = {5BFA4AAA-8D87-4E2A-A257-8F818C12FDF0}
		{2587ED64-0D50-4677-8687-B0763F2F35AF} = {FD0DC3FF-391F-46F7-88F7-0495B01A3EE7}
		{04D93881-7166-4237-AA43-593F3C21C3E9} = {FD0DC3FF-391F-46F7-88F7-0495B01A3EE7}
		{544B4D1A-5DAA-466E-AD6B-ACC885C669B2} = {141CF4D8-1140-48D1-8494-05AF96A68529}
		{A8F63710-DEFB-4D9F-B6A7-4883569F4B4B} = {E9BEBB10-E114-44EA-8D8B-2C8A5887A177}
		{43F1183A-AF28-4260-A9DC-CDF4F4E1ECC3} = {E9BEBB10-E114-44EA-8D8B-2C8A5887A177}
	EndGlobalSection
	GlobalSection(ExtensibilityGlobals) = postSolution
		SolutionGuid = {CDF38670-D812-4A1B-A3A7-99BFEB36F3E2}
	EndGlobalSection
EndGlobal
